
Microsoft Visual Studio Solution File, Format Version 12.00
# Visual Studio Version 16
VisualStudioVersion = 16.0.28922.388
MinimumVisualStudioVersion = 10.0.40219.1
Project("{FAE04EC0-301F-11D3-BF4B-00C04F79EFBC}") = "Sample", "Sample\Sample.csproj", "{E32E4BD1-D655-450C-B70C-6B4C4045B00D}"
EndProject
Project("{FAE04EC0-301F-11D3-BF4B-00C04F79EFBC}") = "WindowsFormsControlLibrary", "WindowsFormsControlLibrary\WindowsFormsControlLibrary.csproj", "{2CCF6DDB-7341-419B-8F6E-36BECD367074}"
EndProject
Project("{FAE04EC0-301F-11D3-BF4B-00C04F79EFBC}") = "SampleLibrary", "SampleLibrary\SampleLibrary.csproj", "{C35D23EE-E507-4F58-8629-8E574A49871D}"
EndProject
Project("{FAE04EC0-301F-11D3-BF4B-00C04F79EFBC}") = "UnitTestProjectSample", "UnitTestProjectSample\UnitTestProjectSample.csproj", "{CE3E502E-616C-477B-BE3E-3C3F6DD23F8F}"
EndProject
Global
	GlobalSection(SolutionConfigurationPlatforms) = preSolution
		Debug|Any CPU = Debug|Any CPU
		Release|Any CPU = Release|Any CPU
	EndGlobalSection
	GlobalSection(ProjectConfigurationPlatforms) = postSolution
		{E32E4BD1-D655-450C-B70C-6B4C4045B00D}.Debug|Any CPU.ActiveCfg = Debug|Any CPU
		{E32E4BD1-D655-450C-B70C-6B4C4045B00D}.Debug|Any CPU.Build.0 = Debug|Any CPU
		{E32E4BD1-D655-450C-B70C-6B4C4045B00D}.Release|Any CPU.ActiveCfg = Release|Any CPU
		{E32E4BD1-D655-450C-B70C-6B4C4045B00D}.Release|Any CPU.Build.0 = Release|Any CPU
		{2CCF6DDB-7341-419B-8F6E-36BECD367074}.Debug|Any CPU.ActiveCfg = Debug|Any CPU
		{2CCF6DDB-7341-419B-8F6E-36BECD367074}.Debug|Any CPU.Build.0 = Debug|Any CPU
		{2CCF6DDB-7341-419B-8F6E-36BECD367074}.Release|Any CPU.ActiveCfg = Release|Any CPU
		{2CCF6DDB-7341-419B-8F6E-36BECD367074}.Release|Any CPU.Build.0 = Release|Any CPU
		{C35D23EE-E507-4F58-8629-8E574A49871D}.Debug|Any CPU.ActiveCfg = Debug|Any CPU
		{C35D23EE-E507-4F58-8629-8E574A49871D}.Debug|Any CPU.Build.0 = Debug|Any CPU
		{C35D23EE-E507-4F58-8629-8E574A49871D}.Release|Any CPU.ActiveCfg = Release|Any CPU
		{C35D23EE-E507-4F58-8629-8E574A49871D}.Release|Any CPU.Build.0 = Release|Any CPU
		{CE3E502E-616C-477B-BE3E-3C3F6DD23F8F}.Debug|Any CPU.ActiveCfg = Debug|Any CPU
		{CE3E502E-616C-477B-BE3E-3C3F6DD23F8F}.Debug|Any CPU.Build.0 = Debug|Any CPU
		{CE3E502E-616C-477B-BE3E-3C3F6DD23F8F}.Release|Any CPU.ActiveCfg = Release|Any CPU
		{CE3E502E-616C-477B-BE3E-3C3F6DD23F8F}.Release|Any CPU.Build.0 = Release|Any CPU
	EndGlobalSection
	GlobalSection(SolutionProperties) = preSolution
		HideSolutionNode = FALSE
	EndGlobalSection
	GlobalSection(ExtensibilityGlobals) = postSolution
		SolutionGuid = {82983984-4F91-4C27-AEF0-628B2715E5A3}
	EndGlobalSection
EndGlobal
